{
  "version": 4,
  "terraform_version": "1.8.4",
  "serial": 19,
  "lineage": "df4b4898-7a09-56f6-2b6a-d3af1132c65e",
  "outputs": {},
  "resources": [
    {
      "mode": "managed",
      "type": "google_bigquery_dataset",
      "name": "dataset",
      "provider": "provider[\"registry.terraform.io/hashicorp/google\"]",
      "instances": [
        {
          "schema_version": 0,
          "attributes": {
            "access": [
              {
                "dataset": [],
                "domain": "",
                "group_by_email": "",
                "iam_member": "",
                "role": "OWNER",
                "routine": [],
                "special_group": "",
                "user_by_email": "clugorodger@gmail.com",
                "view": []
              },
              {
                "dataset": [],
                "domain": "",
                "group_by_email": "",
                "iam_member": "",
                "role": "OWNER",
                "routine": [],
                "special_group": "projectOwners",
                "user_by_email": "",
                "view": []
              },
              {
                "dataset": [],
                "domain": "",
                "group_by_email": "",
                "iam_member": "",
                "role": "READER",
                "routine": [],
                "special_group": "projectReaders",
                "user_by_email": "",
                "view": []
              },
              {
                "dataset": [],
                "domain": "",
                "group_by_email": "",
                "iam_member": "",
                "role": "WRITER",
                "routine": [],
                "special_group": "projectWriters",
                "user_by_email": "",
                "view": []
              }
            ],
            "creation_time": 1717992486640,
            "dataset_id": "customerretention_dataset",
            "default_collation": "",
            "default_encryption_configuration": [],
            "default_partition_expiration_ms": 0,
            "default_table_expiration_ms": 0,
            "delete_contents_on_destroy": false,
            "description": "",
            "effective_labels": {},
            "etag": "jUpfchmbmmzEE3SUeZbHcQ==",
            "external_dataset_reference": [],
            "friendly_name": "",
            "id": "projects/customerretention-de/datasets/customerretention_dataset",
            "is_case_insensitive": false,
            "labels": {},
            "last_modified_time": 1717992486640,
            "location": "US",
            "max_time_travel_hours": "",
            "project": "customerretention-de",
            "self_link": "https://bigquery.googleapis.com/bigquery/v2/projects/customerretention-de/datasets/customerretention_dataset",
            "storage_billing_model": "",
            "terraform_labels": {},
            "timeouts": null
          },
          "sensitive_attributes": [],
          "private": "eyJlMmJmYjczMC1lY2FhLTExZTYtOGY4OC0zNDM2M2JjN2M0YzAiOnsiY3JlYXRlIjoxMjAwMDAwMDAwMDAwLCJkZWxldGUiOjEyMDAwMDAwMDAwMDAsInVwZGF0ZSI6MTIwMDAwMDAwMDAwMH19"
        }
      ]
    },
    {
      "mode": "managed",
      "type": "google_bigquery_table",
      "name": "accounts_table",
      "provider": "provider[\"registry.terraform.io/hashicorp/google\"]",
      "instances": [
        {
          "schema_version": 0,
          "attributes": {
            "clustering": null,
            "creation_time": 1718150084694,
            "dataset_id": "customerretention_dataset",
            "deletion_protection": true,
            "description": "",
            "effective_labels": {},
            "encryption_configuration": [],
            "etag": "rKVTAUdYIXNe/tGutq3JPg==",
            "expiration_time": 0,
            "external_data_configuration": [],
            "friendly_name": "",
            "id": "projects/customerretention-de/datasets/customerretention_dataset/tables/accounts",
            "labels": null,
            "last_modified_time": 1718150084840,
            "location": "US",
            "materialized_view": [],
            "max_staleness": "",
            "num_bytes": 0,
            "num_long_term_bytes": 0,
            "num_rows": 0,
            "project": "customerretention-de",
            "range_partitioning": [],
            "require_partition_filter": false,
            "schema": "[{\"mode\":\"REQUIRED\",\"name\":\"account\",\"type\":\"STRING\"},{\"mode\":\"NULLABLE\",\"name\":\"sector\",\"type\":\"STRING\"},{\"mode\":\"NULLABLE\",\"name\":\"year_established\",\"type\":\"INTEGER\"},{\"mode\":\"NULLABLE\",\"name\":\"revenue\",\"type\":\"FLOAT\"},{\"mode\":\"NULLABLE\",\"name\":\"employees\",\"type\":\"INTEGER\"},{\"mode\":\"NULLABLE\",\"name\":\"office_location\",\"type\":\"STRING\"},{\"mode\":\"NULLABLE\",\"name\":\"subsidiary_of\",\"type\":\"STRING\"}]",
            "self_link": "https://bigquery.googleapis.com/bigquery/v2/projects/customerretention-de/datasets/customerretention_dataset/tables/accounts",
            "table_constraints": [],
            "table_id": "accounts",
            "table_replication_info": [],
            "terraform_labels": {},
            "time_partitioning": [],
            "type": "TABLE",
            "view": []
          },
          "sensitive_attributes": [],
          "private": "bnVsbA==",
          "dependencies": [
            "google_bigquery_dataset.dataset"
          ]
        }
      ]
    },
    {
      "mode": "managed",
      "type": "google_bigquery_table",
      "name": "products_table",
      "provider": "provider[\"registry.terraform.io/hashicorp/google\"]",
      "instances": [
        {
          "schema_version": 0,
          "attributes": {
            "clustering": null,
            "creation_time": 1718149395373,
            "dataset_id": "customerretention_dataset",
            "deletion_protection": true,
            "description": "",
            "effective_labels": {},
            "encryption_configuration": [],
            "etag": "DfNgwGk6R+M9Lu//HyuaHA==",
            "expiration_time": 0,
            "external_data_configuration": [],
            "friendly_name": "",
            "id": "projects/customerretention-de/datasets/customerretention_dataset/tables/products",
            "labels": {},
            "last_modified_time": 1718149395460,
            "location": "US",
            "materialized_view": [],
            "max_staleness": "",
            "num_bytes": 0,
            "num_long_term_bytes": 0,
            "num_rows": 0,
            "project": "customerretention-de",
            "range_partitioning": [],
            "require_partition_filter": false,
            "schema": "[{\"mode\":\"REQUIRED\",\"name\":\"product\",\"type\":\"STRING\"},{\"mode\":\"NULLABLE\",\"name\":\"series\",\"type\":\"STRING\"},{\"mode\":\"NULLABLE\",\"name\":\"sales_price\",\"type\":\"INTEGER\"}]",
            "self_link": "https://bigquery.googleapis.com/bigquery/v2/projects/customerretention-de/datasets/customerretention_dataset/tables/products",
            "table_constraints": [],
            "table_id": "products",
            "table_replication_info": [],
            "terraform_labels": {},
            "time_partitioning": [],
            "type": "TABLE",
            "view": []
          },
          "sensitive_attributes": [],
          "private": "bnVsbA==",
          "dependencies": [
            "google_bigquery_dataset.dataset"
          ]
        }
      ]
    },
    {
      "mode": "managed",
      "type": "google_bigquery_table",
      "name": "sales_pipeline_table",
      "provider": "provider[\"registry.terraform.io/hashicorp/google\"]",
      "instances": [
        {
          "schema_version": 0,
          "attributes": {
            "clustering": null,
            "creation_time": 1718149395407,
            "dataset_id": "customerretention_dataset",
            "deletion_protection": true,
            "description": "",
            "effective_labels": {},
            "encryption_configuration": [],
            "etag": "WFn/hxCfEsy+ETSfepLB0g==",
            "expiration_time": 0,
            "external_data_configuration": [],
            "friendly_name": "",
            "id": "projects/customerretention-de/datasets/customerretention_dataset/tables/sales_pipeline",
            "labels": {},
            "last_modified_time": 1718149395505,
            "location": "US",
            "materialized_view": [],
            "max_staleness": "",
            "num_bytes": 0,
            "num_long_term_bytes": 0,
            "num_rows": 0,
            "project": "customerretention-de",
            "range_partitioning": [],
            "require_partition_filter": false,
            "schema": "[{\"mode\":\"REQUIRED\",\"name\":\"opportunity_id\",\"type\":\"STRING\"},{\"mode\":\"NULLABLE\",\"name\":\"sales_agent\",\"type\":\"STRING\"},{\"mode\":\"NULLABLE\",\"name\":\"product\",\"type\":\"STRING\"},{\"mode\":\"NULLABLE\",\"name\":\"account\",\"type\":\"STRING\"},{\"mode\":\"NULLABLE\",\"name\":\"deal_stage\",\"type\":\"STRING\"},{\"mode\":\"NULLABLE\",\"name\":\"engage_date\",\"type\":\"TIMESTAMP\"},{\"mode\":\"NULLABLE\",\"name\":\"close_date\",\"type\":\"TIMESTAMP\"},{\"mode\":\"NULLABLE\",\"name\":\"close_value\",\"type\":\"INTEGER\"}]",
            "self_link": "https://bigquery.googleapis.com/bigquery/v2/projects/customerretention-de/datasets/customerretention_dataset/tables/sales_pipeline",
            "table_constraints": [],
            "table_id": "sales_pipeline",
            "table_replication_info": [],
            "terraform_labels": {},
            "time_partitioning": [],
            "type": "TABLE",
            "view": []
          },
          "sensitive_attributes": [],
          "private": "bnVsbA==",
          "dependencies": [
            "google_bigquery_dataset.dataset"
          ]
        }
      ]
    },
    {
      "mode": "managed",
      "type": "google_bigquery_table",
      "name": "sales_teams_table",
      "provider": "provider[\"registry.terraform.io/hashicorp/google\"]",
      "instances": [
        {
          "schema_version": 0,
          "attributes": {
            "clustering": null,
            "creation_time": 1718149395420,
            "dataset_id": "customerretention_dataset",
            "deletion_protection": true,
            "description": "",
            "effective_labels": {},
            "encryption_configuration": [],
            "etag": "+yOKPtROVGTesA4auO+UeA==",
            "expiration_time": 0,
            "external_data_configuration": [],
            "friendly_name": "",
            "id": "projects/customerretention-de/datasets/customerretention_dataset/tables/sales_teams",
            "labels": {},
            "last_modified_time": 1718149395500,
            "location": "US",
            "materialized_view": [],
            "max_staleness": "",
            "num_bytes": 0,
            "num_long_term_bytes": 0,
            "num_rows": 0,
            "project": "customerretention-de",
            "range_partitioning": [],
            "require_partition_filter": false,
            "schema": "[{\"mode\":\"REQUIRED\",\"name\":\"sales_agent\",\"type\":\"STRING\"},{\"mode\":\"NULLABLE\",\"name\":\"manager\",\"type\":\"STRING\"},{\"mode\":\"NULLABLE\",\"name\":\"regional_office\",\"type\":\"STRING\"}]",
            "self_link": "https://bigquery.googleapis.com/bigquery/v2/projects/customerretention-de/datasets/customerretention_dataset/tables/sales_teams",
            "table_constraints": [],
            "table_id": "sales_teams",
            "table_replication_info": [],
            "terraform_labels": {},
            "time_partitioning": [],
            "type": "TABLE",
            "view": []
          },
          "sensitive_attributes": [],
          "private": "bnVsbA==",
          "dependencies": [
            "google_bigquery_dataset.dataset"
          ]
        }
      ]
    },
    {
      "mode": "managed",
      "type": "google_storage_bucket",
      "name": "datalake",
      "provider": "provider[\"registry.terraform.io/hashicorp/google\"]",
      "instances": [
        {
          "schema_version": 1,
          "attributes": {
            "autoclass": [],
            "cors": [],
            "custom_placement_config": [],
            "default_event_based_hold": false,
            "effective_labels": {},
            "enable_object_retention": false,
            "encryption": [],
            "force_destroy": false,
            "id": "customerretention-datalake-bucket",
            "labels": {},
            "lifecycle_rule": [],
            "location": "US",
            "logging": [],
            "name": "customerretention-datalake-bucket",
            "project": "customerretention-de",
            "project_number": 533806446999,
            "public_access_prevention": "inherited",
            "requester_pays": false,
            "retention_policy": [],
            "rpo": "DEFAULT",
            "self_link": "https://www.googleapis.com/storage/v1/b/customerretention-datalake-bucket",
            "soft_delete_policy": [
              {
                "effective_time": "2024-06-10T04:06:26.578Z",
                "retention_duration_seconds": 604800
              }
            ],
            "storage_class": "STANDARD",
            "terraform_labels": {},
            "timeouts": null,
            "uniform_bucket_level_access": false,
            "url": "gs://customerretention-datalake-bucket",
            "versioning": [],
            "website": []
          },
          "sensitive_attributes": [],
          "private": "eyJlMmJmYjczMC1lY2FhLTExZTYtOGY4OC0zNDM2M2JjN2M0YzAiOnsiY3JlYXRlIjo2MDAwMDAwMDAwMDAsInJlYWQiOjI0MDAwMDAwMDAwMCwidXBkYXRlIjoyNDAwMDAwMDAwMDB9LCJzY2hlbWFfdmVyc2lvbiI6IjEifQ=="
        }
      ]
    }
  ],
  "check_results": null
}
